
Microsoft Visual Studio Solution File, Format Version 12.00
# Visual Studio Version 17
VisualStudioVersion = 17.5.002.0
MinimumVisualStudioVersion = 10.0.40219.1
Project("{9A19103F-16F7-4668-BE54-9A1E7A4F7556}") = "Sistema de celular - Desafio 2", "Sistema de celular - Desafio 2.csproj", "{E97FD078-DFDB-4137-AE80-87D2370CC28B}"
EndProject
Global
	GlobalSection(SolutionConfigurationPlatforms) = preSolution
		Debug|Any CPU = Debug|Any CPU
		Release|Any CPU = Release|Any CPU
	EndGlobalSection
	GlobalSection(ProjectConfigurationPlatforms) = postSolution
		{E97FD078-DFDB-4137-AE80-87D2370CC28B}.Debug|Any CPU.ActiveCfg = Debug|Any CPU
		{E97FD078-DFDB-4137-AE80-87D2370CC28B}.Debug|Any CPU.Build.0 = Debug|Any CPU
		{E97FD078-DFDB-4137-AE80-87D2370CC28B}.Release|Any CPU.ActiveCfg = Release|Any CPU
		{E97FD078-DFDB-4137-AE80-87D2370CC28B}.Release|Any CPU.Build.0 = Release|Any CPU
	EndGlobalSection
	GlobalSection(SolutionProperties) = preSolution
		HideSolutionNode = FALSE
	EndGlobalSection
	GlobalSection(ExtensibilityGlobals) = postSolution
		SolutionGuid = {07531E69-7D07-4C46-B915-73FB78B2C3EC}
	EndGlobalSection
EndGlobal
